// !$*UTF8*$!
{
	archiveVersion = 1;
	classes = {
	};
	objectVersion = 56;
	objects = {

/* Begin PBXBuildFile section */
		003DCEB42BDB762E00B1CF46 /* AppDelegate.swift in Sources */ = {isa = PBXBuildFile; fileRef = 003DCEB32BDB762E00B1CF46 /* AppDelegate.swift */; };
		003DCEB62BDB762E00B1CF46 /* SceneDelegate.swift in Sources */ = {isa = PBXBuildFile; fileRef = 003DCEB52BDB762E00B1CF46 /* SceneDelegate.swift */; };
		003DCEB82BDB762E00B1CF46 /* HomeViewController.swift in Sources */ = {isa = PBXBuildFile; fileRef = 003DCEB72BDB762E00B1CF46 /* HomeViewController.swift */; };
		003DCEBD2BDB762F00B1CF46 /* Assets.xcassets in Resources */ = {isa = PBXBuildFile; fileRef = 003DCEBC2BDB762F00B1CF46 /* Assets.xcassets */; };
		003DCEC02BDB762F00B1CF46 /* LaunchScreen.storyboard in Resources */ = {isa = PBXBuildFile; fileRef = 003DCEBE2BDB762F00B1CF46 /* LaunchScreen.storyboard */; };
		003DCECA2BDB7CD800B1CF46 /* NextViewController.swift in Sources */ = {isa = PBXBuildFile; fileRef = 003DCEC92BDB7CD800B1CF46 /* NextViewController.swift */; };
		003DCECC2BDB7EFB00B1CF46 /* UserTabBarController.swift in Sources */ = {isa = PBXBuildFile; fileRef = 003DCECB2BDB7EFB00B1CF46 /* UserTabBarController.swift */; };
		003DCECE2BDB7FC200B1CF46 /* SearchViewController.swift in Sources */ = {isa = PBXBuildFile; fileRef = 003DCECD2BDB7FC200B1CF46 /* SearchViewController.swift */; };
		003DCED02BDB7FD000B1CF46 /* ProfileViewController.swift in Sources */ = {isa = PBXBuildFile; fileRef = 003DCECF2BDB7FD000B1CF46 /* ProfileViewController.swift */; };
/* End PBXBuildFile section */

/* Begin PBXFileReference section */
		003DCEB02BDB762E00B1CF46 /* programmticNavBar.app */ = {isa = PBXFileReference; explicitFileType = wrapper.application; includeInIndex = 0; path = programmticNavBar.app; sourceTree = BUILT_PRODUCTS_DIR; };
		003DCEB32BDB762E00B1CF46 /* AppDelegate.swift */ = {isa = PBXFileReference; lastKnownFileType = sourcecode.swift; path = AppDelegate.swift; sourceTree = "<group>"; };
		003DCEB52BDB762E00B1CF46 /* SceneDelegate.swift */ = {isa = PBXFileReference; lastKnownFileType = sourcecode.swift; path = SceneDelegate.swift; sourceTree = "<group>"; };
		003DCEB72BDB762E00B1CF46 /* HomeViewController.swift */ = {isa = PBXFileReference; lastKnownFileType = sourcecode.swift; path = HomeViewController.swift; sourceTree = "<group>"; };
		003DCEBC2BDB762F00B1CF46 /* Assets.xcassets */ = {isa = PBXFileReference; lastKnownFileType = folder.assetcatalog; path = Assets.xcassets; sourceTree = "<group>"; };
		003DCEBF2BDB762F00B1CF46 /* Base */ = {isa = PBXFileReference; lastKnownFileType = file.storyboard; name = Base; path = Base.lproj/LaunchScreen.storyboard; sourceTree = "<group>"; };
		003DCEC12BDB762F00B1CF46 /* Info.plist */ = {isa = PBXFileReference; lastKnownFileType = text.plist.xml; path = Info.plist; sourceTree = "<group>"; };
		003DCEC92BDB7CD800B1CF46 /* NextViewController.swift */ = {isa = PBXFileReference; lastKnownFileType = sourcecode.swift; path = NextViewController.swift; sourceTree = "<group>"; };
		003DCECB2BDB7EFB00B1CF46 /* UserTabBarController.swift */ = {isa = PBXFileReference; lastKnownFileType = sourcecode.swift; path = UserTabBarController.swift; sourceTree = "<group>"; };
		003DCECD2BDB7FC200B1CF46 /* SearchViewController.swift */ = {isa = PBXFileReference; lastKnownFileType = sourcecode.swift; path = SearchViewController.swift; sourceTree = "<group>"; };
		003DCECF2BDB7FD000B1CF46 /* ProfileViewController.swift */ = {isa = PBXFileReference; lastKnownFileType = sourcecode.swift; path = ProfileViewController.swift; sourceTree = "<group>"; };
/* End PBXFileReference section */

/* Begin PBXFrameworksBuildPhase section */
		003DCEAD2BDB762E00B1CF46 /* Frameworks */ = {
			isa = PBXFrameworksBuildPhase;
			buildActionMask = 2147483647;
			files = (
			);
			runOnlyForDeploymentPostprocessing = 0;
		};
/* End PBXFrameworksBuildPhase section */

/* Begin PBXGroup section */
		003DCEA72BDB762E00B1CF46 = {
			isa = PBXGroup;
			children = (
				003DCEB22BDB762E00B1CF46 /* programmticNavBar */,
				003DCEB12BDB762E00B1CF46 /* Products */,
			);
			sourceTree = "<group>";
		};
		003DCEB12BDB762E00B1CF46 /* Products */ = {
			isa = PBXGroup;
			children = (
				003DCEB02BDB762E00B1CF46 /* programmticNavBar.app */,
			);
			name = Products;
			sourceTree = "<group>";
		};
		003DCEB22BDB762E00B1CF46 /* programmticNavBar */ = {
			isa = PBXGroup;
			children = (
				003DCEB32BDB762E00B1CF46 /* AppDelegate.swift */,
				003DCEB52BDB762E00B1CF46 /* SceneDelegate.swift */,
				003DCEB72BDB762E00B1CF46 /* HomeViewController.swift */,
				003DCECD2BDB7FC200B1CF46 /* SearchViewController.swift */,
				003DCECF2BDB7FD000B1CF46 /* ProfileViewController.swift */,
				003DCEC92BDB7CD800B1CF46 /* NextViewController.swift */,
				003DCECB2BDB7EFB00B1CF46 /* UserTabBarController.swift */,
				003DCEBC2BDB762F00B1CF46 /* Assets.xcassets */,
				003DCEBE2BDB762F00B1CF46 /* LaunchScreen.storyboard */,
				003DCEC12BDB762F00B1CF46 /* Info.plist */,
			);
			path = programmticNavBar;
			sourceTree = "<group>";
		};
/* End PBXGroup section */

/* Begin PBXNativeTarget section */
		003DCEAF2BDB762E00B1CF46 /* programmticNavBar */ = {
			isa = PBXNativeTarget;
			buildConfigurationList = 003DCEC42BDB762F00B1CF46 /* Build configuration list for PBXNativeTarget "programmticNavBar" */;
			buildPhases = (
				003DCEAC2BDB762E00B1CF46 /* Sources */,
				003DCEAD2BDB762E00B1CF46 /* Frameworks */,
				003DCEAE2BDB762E00B1CF46 /* Resources */,
			);
			buildRules = (
			);
			dependencies = (
			);
			name = programmticNavBar;
			productName = programmticNavBar;
			productReference = 003DCEB02BDB762E00B1CF46 /* programmticNavBar.app */;
			productType = "com.apple.product-type.application";
		};
/* End PBXNativeTarget section */

/* Begin PBXProject section */
		003DCEA82BDB762E00B1CF46 /* Project object */ = {
			isa = PBXProject;
			attributes = {
				BuildIndependentTargetsInParallel = 1;
				LastSwiftUpdateCheck = 1520;
				LastUpgradeCheck = 1520;
				TargetAttributes = {
					003DCEAF2BDB762E00B1CF46 = {
						CreatedOnToolsVersion = 15.2;
					};
				};
			};
			buildConfigurationList = 003DCEAB2BDB762E00B1CF46 /* Build configuration list for PBXProject "programmticNavBar" */;
			compatibilityVersion = "Xcode 14.0";
			developmentRegion = en;
			hasScannedForEncodings = 0;
			knownRegions = (
				en,
				Base,
			);
			mainGroup = 003DCEA72BDB762E00B1CF46;
			productRefGroup = 003DCEB12BDB762E00B1CF46 /* Products */;
			projectDirPath = "";
			projectRoot = "";
			targets = (
				003DCEAF2BDB762E00B1CF46 /* programmticNavBar */,
			);
		};
/* End PBXProject section */

/* Begin PBXResourcesBuildPhase section */
		003DCEAE2BDB762E00B1CF46 /* Resources */ = {
			isa = PBXResourcesBuildPhase;
			buildActionMask = 2147483647;
			files = (
				003DCEC02BDB762F00B1CF46 /* LaunchScreen.storyboard in Resources */,
				003DCEBD2BDB762F00B1CF46 /* Assets.xcassets in Resources */,
			);
			runOnlyForDeploymentPostprocessing = 0;
		};
/* End PBXResourcesBuildPhase section */

/* Begin PBXSourcesBuildPhase section */
		003DCEAC2BDB762E00B1CF46 /* Sources */ = {
			isa = PBXSourcesBuildPhase;
			buildActionMask = 2147483647;
			files = (
				003DCECE2BDB7FC200B1CF46 /* SearchViewController.swift in Sources */,
				003DCECC2BDB7EFB00B1CF46 /* UserTabBarController.swift in Sources */,
				003DCEB82BDB762E00B1CF46 /* HomeViewController.swift in Sources */,
				003DCECA2BDB7CD800B1CF46 /* NextViewController.swift in Sources */,
				003DCED02BDB7FD000B1CF46 /* ProfileViewController.swift in Sources */,
				003DCEB42BDB762E00B1CF46 /* AppDelegate.swift in Sources */,
				003DCEB62BDB762E00B1CF46 /* SceneDelegate.swift in Sources */,
			);
			runOnlyForDeploymentPostprocessing = 0;
		};
/* End PBXSourcesBuildPhase section */

/* Begin PBXVariantGroup section */
		003DCEBE2BDB762F00B1CF46 /* LaunchScreen.storyboard */ = {
			isa = PBXVariantGroup;
			children = (
				003DCEBF2BDB762F00B1CF46 /* Base */,
			);
			name = LaunchScreen.storyboard;
			sourceTree = "<group>";
		};
/* End PBXVariantGroup section */

/* Begin XCBuildConfiguration section */
		003DCEC22BDB762F00B1CF46 /* Debug */ = {
			isa = XCBuildConfiguration;
			buildSettings = {
				ALWAYS_SEARCH_USER_PATHS = NO;
				ASSETCATALOG_COMPILER_GENERATE_SWIFT_ASSET_SYMBOL_EXTENSIONS = YES;
				CLANG_ANALYZER_NONNULL = YES;
				CLANG_ANALYZER_NUMBER_OBJECT_CONVERSION = YES_AGGRESSIVE;
				CLANG_CXX_LANGUAGE_STANDARD = "gnu++20";
				CLANG_ENABLE_MODULES = YES;
				CLANG_ENABLE_OBJC_ARC = YES;
				CLANG_ENABLE_OBJC_WEAK = YES;
				CLANG_WARN_BLOCK_CAPTURE_AUTORELEASING = YES;
				CLANG_WARN_BOOL_CONVERSION = YES;
				CLANG_WARN_COMMA = YES;
				CLANG_WARN_CONSTANT_CONVERSION = YES;
				CLANG_WARN_DEPRECATED_OBJC_IMPLEMENTATIONS = YES;
				CLANG_WARN_DIRECT_OBJC_ISA_USAGE = YES_ERROR;
				CLANG_WARN_DOCUMENTATION_COMMENTS = YES;
				CLANG_WARN_EMPTY_BODY = YES;
				CLANG_WARN_ENUM_CONVERSION = YES;
				CLANG_WARN_INFINITE_RECURSION = YES;
				CLANG_WARN_INT_CONVERSION = YES;
				CLANG_WARN_NON_LITERAL_NULL_CONVERSION = YES;
				CLANG_WARN_OBJC_IMPLICIT_RETAIN_SELF = YES;
				CLANG_WARN_OBJC_LITERAL_CONVERSION = YES;
				CLANG_WARN_OBJC_ROOT_CLASS = YES_ERROR;
				CLANG_WARN_QUOTED_INCLUDE_IN_FRAMEWORK_HEADER = YES;
				CLANG_WARN_RANGE_LOOP_ANALYSIS = YES;
				CLANG_WARN_STRICT_PROTOTYPES = YES;
				CLANG_WARN_SUSPICIOUS_MOVE = YES;
				CLANG_WARN_UNGUARDED_AVAILABILITY = YES_AGGRESSIVE;
				CLANG_WARN_UNREACHABLE_CODE = YES;
				CLANG_WARN__DUPLICATE_METHOD_MATCH = YES;
				COPY_PHASE_STRIP = NO;
				DEBUG_INFORMATION_FORMAT = dwarf;
				ENABLE_STRICT_OBJC_MSGSEND = YES;
				ENABLE_TESTABILITY = YES;
				ENABLE_USER_SCRIPT_SANDBOXING = YES;
				GCC_C_LANGUAGE_STANDARD = gnu17;
				GCC_DYNAMIC_NO_PIC = NO;
				GCC_NO_COMMON_BLOCKS = YES;
				GCC_OPTIMIZATION_LEVEL = 0;
				GCC_PREPROCESSOR_DEFINITIONS = (
					"DEBUG=1",
					"$(inherited)",
				);
				GCC_WARN_64_TO_32_BIT_CONVERSION = YES;
				GCC_WARN_ABOUT_RETURN_TYPE = YES_ERROR;
				GCC_WARN_UNDECLARED_SELECTOR = YES;
				GCC_WARN_UNINITIALIZED_AUTOS = YES_AGGRESSIVE;
				GCC_WARN_UNUSED_FUNCTION = YES;
				GCC_WARN_UNUSED_VARIABLE = YES;
				IPHONEOS_DEPLOYMENT_TARGET = 17.2;
				LOCALIZATION_PREFERS_STRING_CATALOGS = YES;
				MTL_ENABLE_DEBUG_INFO = INCLUDE_SOURCE;
				MTL_FAST_MATH = YES;
				ONLY_ACTIVE_ARCH = YES;
				SDKROOT = iphoneos;
				SWIFT_ACTIVE_COMPILATION_CONDITIONS = "DEBUG $(inherited)";
				SWIFT_OPTIMIZATION_LEVEL = "-Onone";
			};
			name = Debug;
		};
		003DCEC32BDB762F00B1CF46 /* Release */ = {
			isa = XCBuildConfiguration;
			buildSettings = {
				ALWAYS_SEARCH_USER_PATHS = NO;
				ASSETCATALOG_COMPILER_GENERATE_SWIFT_ASSET_SYMBOL_EXTENSIONS = YES;
				CLANG_ANALYZER_NONNULL = YES;
				CLANG_ANALYZER_NUMBER_OBJECT_CONVERSION = YES_AGGRESSIVE;
				CLANG_CXX_LANGUAGE_STANDARD = "gnu++20";
				CLANG_ENABLE_MODULES = YES;
				CLANG_ENABLE_OBJC_ARC = YES;
				CLANG_ENABLE_OBJC_WEAK = YES;
				CLANG_WARN_BLOCK_CAPTURE_AUTORELEASING = YES;
				CLANG_WARN_BOOL_CONVERSION = YES;
				CLANG_WARN_COMMA = YES;
				CLANG_WARN_CONSTANT_CONVERSION = YES;
				CLANG_WARN_DEPRECATED_OBJC_IMPLEMENTATIONS = YES;
				CLANG_WARN_DIRECT_OBJC_ISA_USAGE = YES_ERROR;
				CLANG_WARN_DOCUMENTATION_COMMENTS = YES;
				CLANG_WARN_EMPTY_BODY = YES;
				CLANG_WARN_ENUM_CONVERSION = YES;
				CLANG_WARN_INFINITE_RECURSION = YES;
				CLANG_WARN_INT_CONVERSION = YES;
				CLANG_WARN_NON_LITERAL_NULL_CONVERSION = YES;
				CLANG_WARN_OBJC_IMPLICIT_RETAIN_SELF = YES;
				CLANG_WARN_OBJC_LITERAL_CONVERSION = YES;
				CLANG_WARN_OBJC_ROOT_CLASS = YES_ERROR;
				CLANG_WARN_QUOTED_INCLUDE_IN_FRAMEWORK_HEADER = YES;
				CLANG_WARN_RANGE_LOOP_ANALYSIS = YES;
				CLANG_WARN_STRICT_PROTOTYPES = YES;
				CLANG_WARN_SUSPICIOUS_MOVE = YES;
				CLANG_WARN_UNGUARDED_AVAILABILITY = YES_AGGRESSIVE;
				CLANG_WARN_UNREACHABLE_CODE = YES;
				CLANG_WARN__DUPLICATE_METHOD_MATCH = YES;
				COPY_PHASE_STRIP = NO;
				DEBUG_INFORMATION_FORMAT = "dwarf-with-dsym";
				ENABLE_NS_ASSERTIONS = NO;
				ENABLE_STRICT_OBJC_MSGSEND = YES;
				ENABLE_USER_SCRIPT_SANDBOXING = YES;
				GCC_C_LANGUAGE_STANDARD = gnu17;
				GCC_NO_COMMON_BLOCKS = YES;
				GCC_WARN_64_TO_32_BIT_CONVERSION = YES;
				GCC_WARN_ABOUT_RETURN_TYPE = YES_ERROR;
				GCC_WARN_UNDECLARED_SELECTOR = YES;
				GCC_WARN_UNINITIALIZED_AUTOS = YES_AGGRESSIVE;
				GCC_WARN_UNUSED_FUNCTION = YES;
				GCC_WARN_UNUSED_VARIABLE = YES;
				IPHONEOS_DEPLOYMENT_TARGET = 17.2;
				LOCALIZATION_PREFERS_STRING_CATALOGS = YES;
				MTL_ENABLE_DEBUG_INFO = NO;
				MTL_FAST_MATH = YES;
				SDKROOT = iphoneos;
				SWIFT_COMPILATION_MODE = wholemodule;
				VALIDATE_PRODUCT = YES;
			};
			name = Release;
		};
		003DCEC52BDB762F00B1CF46 /* Debug */ = {
			isa = XCBuildConfiguration;
			buildSettings = {
				ASSETCATALOG_COMPILER_APPICON_NAME = AppIcon;
				ASSETCATALOG_COMPILER_GLOBAL_ACCENT_COLOR_NAME = AccentColor;
				CODE_SIGN_STYLE = Automatic;
				CURRENT_PROJECT_VERSION = 1;
				DEVELOPMENT_TEAM = J9HLMVGCTB;
				GENERATE_INFOPLIST_FILE = YES;
				INFOPLIST_FILE = programmticNavBar/Info.plist;
				INFOPLIST_KEY_UIApplicationSupportsIndirectInputEvents = YES;
				INFOPLIST_KEY_UILaunchStoryboardName = LaunchScreen;
				INFOPLIST_KEY_UISupportedInterfaceOrientations_iPad = "UIInterfaceOrientationPortrait UIInterfaceOrientationPortraitUpsideDown UIInterfaceOrientationLandscapeLeft UIInterfaceOrientationLandscapeRight";
				INFOPLIST_KEY_UISupportedInterfaceOrientations_iPhone = "UIInterfaceOrientationPortrait UIInterfaceOrientationLandscapeLeft UIInterfaceOrientationLandscapeRight";
				LD_RUNPATH_SEARCH_PATHS = (
					"$(inherited)",
					"@executable_path/Frameworks",
				);
				MARKETING_VERSION = 1.0;
				PRODUCT_BUNDLE_IDENTIFIER = com.alfred.programmticNavBar;
				PRODUCT_NAME = "$(TARGET_NAME)";
				SWIFT_EMIT_LOC_STRINGS = YES;
				SWIFT_VERSION = 5.0;
				TARGETED_DEVICE_FAMILY = "1,2";
			};
			name = Debug;
		};
		003DCEC62BDB762F00B1CF46 /* Release */ = {
			isa = XCBuildConfiguration;
			buildSettings = {
				ASSETCATALOG_COMPILER_APPICON_NAME = AppIcon;
				ASSETCATALOG_COMPILER_GLOBAL_ACCENT_COLOR_NAME = AccentColor;
				CODE_SIGN_STYLE = Automatic;
				CURRENT_PROJECT_VERSION = 1;
				DEVELOPMENT_TEAM = J9HLMVGCTB;
				GENERATE_INFOPLIST_FILE = YES;
				INFOPLIST_FILE = programmticNavBar/Info.plist;
				INFOPLIST_KEY_UIApplicationSupportsIndirectInputEvents = YES;
				INFOPLIST_KEY_UILaunchStoryboardName = LaunchScreen;
				INFOPLIST_KEY_UISupportedInterfaceOrientations_iPad = "UIInterfaceOrientationPortrait UIInterfaceOrientationPortraitUpsideDown UIInterfaceOrientationLandscapeLeft UIInterfaceOrientationLandscapeRight";
				INFOPLIST_KEY_UISupportedInterfaceOrientations_iPhone = "UIInterfaceOrientationPortrait UIInterfaceOrientationLandscapeLeft UIInterfaceOrientationLandscapeRight";
				LD_RUNPATH_SEARCH_PATHS = (
					"$(inherited)",
					"@executable_path/Frameworks",
				);
				MARKETING_VERSION = 1.0;
				PRODUCT_BUNDLE_IDENTIFIER = com.alfred.programmticNavBar;
				PRODUCT_NAME = "$(TARGET_NAME)";
				SWIFT_EMIT_LOC_STRINGS = YES;
				SWIFT_VERSION = 5.0;
				TARGETED_DEVICE_FAMILY = "1,2";
			};
			name = Release;
		};
/* End XCBuildConfiguration section */

/* Begin XCConfigurationList section */
		003DCEAB2BDB762E00B1CF46 /* Build configuration list for PBXProject "programmticNavBar" */ = {
			isa = XCConfigurationList;
			buildConfigurations = (
				003DCEC22BDB762F00B1CF46 /* Debug */,
				003DCEC32BDB762F00B1CF46 /* Release */,
			);
			defaultConfigurationIsVisible = 0;
			defaultConfigurationName = Release;
		};
		003DCEC42BDB762F00B1CF46 /* Build configuration list for PBXNativeTarget "programmticNavBar" */ = {
			isa = XCConfigurationList;
			buildConfigurations = (
				003DCEC52BDB762F00B1CF46 /* Debug */,
				003DCEC62BDB762F00B1CF46 /* Release */,
			);
			defaultConfigurationIsVisible = 0;
			defaultConfigurationName = Release;
		};
/* End XCConfigurationList section */
	};
	rootObject = 003DCEA82BDB762E00B1CF46 /* Project object */;
}
